
Microsoft Visual Studio Solution File, Format Version 12.00
# Visual Studio Version 17
VisualStudioVersion = 17.4.33213.308
MinimumVisualStudioVersion = 10.0.40219.1
Project("{FAE04EC0-301F-11D3-BF4B-00C04F79EFBC}") = "ProjetoFinanceiro.Web", "ProjetoFinanceiro.Web\ProjetoFinanceiro.Web.csproj", "{3FCAACFC-86B4-4391-A99E-096CDECDC5D4}"
EndProject
Project("{FAE04EC0-301F-11D3-BF4B-00C04F79EFBC}") = "ProjetoFinanceiro.Api", "ProjetoFinanceiro.Api\ProjetoFinanceiro.Api.csproj", "{EF8D5109-152D-46A4-9A77-6445846024EB}"
EndProject
Project("{FAE04EC0-301F-11D3-BF4B-00C04F79EFBC}") = "ProjetoFinanceiro.Domain", "ProjetoFinanceiro.Domain\ProjetoFinanceiro.Domain.csproj", "{67348B37-2C44-46C5-8497-42910A8AC4CA}"
EndProject
Project("{FAE04EC0-301F-11D3-BF4B-00C04F79EFBC}") = "ProjetoFinanceiro.Infrastructure", "ProjetoFinanceiro.Infrastructure\ProjetoFinanceiro.Infrastructure.csproj", "{1B878DEB-D045-4032-900D-CE8063CE9F4C}"
EndProject
Project("{FAE04EC0-301F-11D3-BF4B-00C04F79EFBC}") = "ProjetoFinanceiro.Services", "ProjetoFinanceiro.Services\ProjetoFinanceiro.Services.csproj", "{7D665477-FCD2-4CC5-A040-D3422E5EDB56}"
EndProject
Global
	GlobalSection(SolutionConfigurationPlatforms) = preSolution
		Debug|Any CPU = Debug|Any CPU
		Release|Any CPU = Release|Any CPU
	EndGlobalSection
	GlobalSection(ProjectConfigurationPlatforms) = postSolution
		{3FCAACFC-86B4-4391-A99E-096CDECDC5D4}.Debug|Any CPU.ActiveCfg = Debug|Any CPU
		{3FCAACFC-86B4-4391-A99E-096CDECDC5D4}.Debug|Any CPU.Build.0 = Debug|Any CPU
		{3FCAACFC-86B4-4391-A99E-096CDECDC5D4}.Release|Any CPU.ActiveCfg = Release|Any CPU
		{3FCAACFC-86B4-4391-A99E-096CDECDC5D4}.Release|Any CPU.Build.0 = Release|Any CPU
		{EF8D5109-152D-46A4-9A77-6445846024EB}.Debug|Any CPU.ActiveCfg = Debug|Any CPU
		{EF8D5109-152D-46A4-9A77-6445846024EB}.Debug|Any CPU.Build.0 = Debug|Any CPU
		{EF8D5109-152D-46A4-9A77-6445846024EB}.Release|Any CPU.ActiveCfg = Release|Any CPU
		{EF8D5109-152D-46A4-9A77-6445846024EB}.Release|Any CPU.Build.0 = Release|Any CPU
		{67348B37-2C44-46C5-8497-42910A8AC4CA}.Debug|Any CPU.ActiveCfg = Debug|Any CPU
		{67348B37-2C44-46C5-8497-42910A8AC4CA}.Debug|Any CPU.Build.0 = Debug|Any CPU
		{67348B37-2C44-46C5-8497-42910A8AC4CA}.Release|Any CPU.ActiveCfg = Release|Any CPU
		{67348B37-2C44-46C5-8497-42910A8AC4CA}.Release|Any CPU.Build.0 = Release|Any CPU
		{1B878DEB-D045-4032-900D-CE8063CE9F4C}.Debug|Any CPU.ActiveCfg = Debug|Any CPU
		{1B878DEB-D045-4032-900D-CE8063CE9F4C}.Debug|Any CPU.Build.0 = Debug|Any CPU
		{1B878DEB-D045-4032-900D-CE8063CE9F4C}.Release|Any CPU.ActiveCfg = Release|Any CPU
		{1B878DEB-D045-4032-900D-CE8063CE9F4C}.Release|Any CPU.Build.0 = Release|Any CPU
		{7D665477-FCD2-4CC5-A040-D3422E5EDB56}.Debug|Any CPU.ActiveCfg = Debug|Any CPU
		{7D665477-FCD2-4CC5-A040-D3422E5EDB56}.Debug|Any CPU.Build.0 = Debug|Any CPU
		{7D665477-FCD2-4CC5-A040-D3422E5EDB56}.Release|Any CPU.ActiveCfg = Release|Any CPU
		{7D665477-FCD2-4CC5-A040-D3422E5EDB56}.Release|Any CPU.Build.0 = Release|Any CPU
	EndGlobalSection
	GlobalSection(SolutionProperties) = preSolution
		HideSolutionNode = FALSE
	EndGlobalSection
	GlobalSection(ExtensibilityGlobals) = postSolution
		SolutionGuid = {64640DC6-5F36-47C0-B493-E44EC5576CF7}
	EndGlobalSection
EndGlobal
